{
  "object": {
    "pins": [
      {
        "package": "SwiftRepository",
        "repositoryURL": "https://github.com/dsay/SwiftRepository.git",
        "state": {
          "branch": null,
          "revision": "80445787654b832ee62d813282474c7e5beca60a",
          "version": "1.0.0"
        }
      }
    ]
  },
  "version": 1
}
